// !$*UTF8*$!
{
	archiveVersion = 1;
	classes = {
	};
	objectVersion = 46;
	objects = {

/* Begin PBXBuildFile section */
		5A78FB6E1C401C9F00307AA1 /* AppDelegate.swift in Sources */ = {isa = PBXBuildFile; fileRef = 5A78FB6D1C401C9F00307AA1 /* AppDelegate.swift */; };
		5A78FB701C401C9F00307AA1 /* ViewController.swift in Sources */ = {isa = PBXBuildFile; fileRef = 5A78FB6F1C401C9F00307AA1 /* ViewController.swift */; };
		5A78FB731C401C9F00307AA1 /* Main.storyboard in Resources */ = {isa = PBXBuildFile; fileRef = 5A78FB711C401C9F00307AA1 /* Main.storyboard */; };
		5A78FB761C401C9F00307AA1 /* mem_mem.xcdatamodeld in Sources */ = {isa = PBXBuildFile; fileRef = 5A78FB741C401C9F00307AA1 /* mem_mem.xcdatamodeld */; };
		5A78FB781C401C9F00307AA1 /* Assets.xcassets in Resources */ = {isa = PBXBuildFile; fileRef = 5A78FB771C401C9F00307AA1 /* Assets.xcassets */; };
		5A78FB7B1C401C9F00307AA1 /* LaunchScreen.storyboard in Resources */ = {isa = PBXBuildFile; fileRef = 5A78FB791C401C9F00307AA1 /* LaunchScreen.storyboard */; };
		5A78FB861C401C9F00307AA1 /* mem_memTests.swift in Sources */ = {isa = PBXBuildFile; fileRef = 5A78FB851C401C9F00307AA1 /* mem_memTests.swift */; };
		5A78FB911C401C9F00307AA1 /* mem_memUITests.swift in Sources */ = {isa = PBXBuildFile; fileRef = 5A78FB901C401C9F00307AA1 /* mem_memUITests.swift */; };
/* End PBXBuildFile section */

/* Begin PBXContainerItemProxy section */
		5A78FB821C401C9F00307AA1 /* PBXContainerItemProxy */ = {
			isa = PBXContainerItemProxy;
			containerPortal = 5A78FB621C401C9F00307AA1 /* Project object */;
			proxyType = 1;
			remoteGlobalIDString = 5A78FB691C401C9F00307AA1;
			remoteInfo = "mem-mem";
		};
		5A78FB8D1C401C9F00307AA1 /* PBXContainerItemProxy */ = {
			isa = PBXContainerItemProxy;
			containerPortal = 5A78FB621C401C9F00307AA1 /* Project object */;
			proxyType = 1;
			remoteGlobalIDString = 5A78FB691C401C9F00307AA1;
			remoteInfo = "mem-mem";
		};
/* End PBXContainerItemProxy section */

/* Begin PBXFileReference section */
		5A78FB6A1C401C9F00307AA1 /* mem-mem.app */ = {isa = PBXFileReference; explicitFileType = wrapper.application; includeInIndex = 0; path = "mem-mem.app"; sourceTree = BUILT_PRODUCTS_DIR; };
		5A78FB6D1C401C9F00307AA1 /* AppDelegate.swift */ = {isa = PBXFileReference; lastKnownFileType = sourcecode.swift; path = AppDelegate.swift; sourceTree = "<group>"; };
		5A78FB6F1C401C9F00307AA1 /* ViewController.swift */ = {isa = PBXFileReference; lastKnownFileType = sourcecode.swift; path = ViewController.swift; sourceTree = "<group>"; };
		5A78FB721C401C9F00307AA1 /* Base */ = {isa = PBXFileReference; lastKnownFileType = file.storyboard; name = Base; path = Base.lproj/Main.storyboard; sourceTree = "<group>"; };
		5A78FB751C401C9F00307AA1 /* mem_mem.xcdatamodel */ = {isa = PBXFileReference; lastKnownFileType = wrapper.xcdatamodel; path = mem_mem.xcdatamodel; sourceTree = "<group>"; };
		5A78FB771C401C9F00307AA1 /* Assets.xcassets */ = {isa = PBXFileReference; lastKnownFileType = folder.assetcatalog; path = Assets.xcassets; sourceTree = "<group>"; };
		5A78FB7A1C401C9F00307AA1 /* Base */ = {isa = PBXFileReference; lastKnownFileType = file.storyboard; name = Base; path = Base.lproj/LaunchScreen.storyboard; sourceTree = "<group>"; };
		5A78FB7C1C401C9F00307AA1 /* Info.plist */ = {isa = PBXFileReference; lastKnownFileType = text.plist.xml; path = Info.plist; sourceTree = "<group>"; };
		5A78FB811C401C9F00307AA1 /* mem-memTests.xctest */ = {isa = PBXFileReference; explicitFileType = wrapper.cfbundle; includeInIndex = 0; path = "mem-memTests.xctest"; sourceTree = BUILT_PRODUCTS_DIR; };
		5A78FB851C401C9F00307AA1 /* mem_memTests.swift */ = {isa = PBXFileReference; lastKnownFileType = sourcecode.swift; path = mem_memTests.swift; sourceTree = "<group>"; };
		5A78FB871C401C9F00307AA1 /* Info.plist */ = {isa = PBXFileReference; lastKnownFileType = text.plist.xml; path = Info.plist; sourceTree = "<group>"; };
		5A78FB8C1C401C9F00307AA1 /* mem-memUITests.xctest */ = {isa = PBXFileReference; explicitFileType = wrapper.cfbundle; includeInIndex = 0; path = "mem-memUITests.xctest"; sourceTree = BUILT_PRODUCTS_DIR; };
		5A78FB901C401C9F00307AA1 /* mem_memUITests.swift */ = {isa = PBXFileReference; lastKnownFileType = sourcecode.swift; path = mem_memUITests.swift; sourceTree = "<group>"; };
		5A78FB921C401C9F00307AA1 /* Info.plist */ = {isa = PBXFileReference; lastKnownFileType = text.plist.xml; path = Info.plist; sourceTree = "<group>"; };
/* End PBXFileReference section */

/* Begin PBXFrameworksBuildPhase section */
		5A78FB671C401C9F00307AA1 /* Frameworks */ = {
			isa = PBXFrameworksBuildPhase;
			buildActionMask = 2147483647;
			files = (
			);
			runOnlyForDeploymentPostprocessing = 0;
		};
		5A78FB7E1C401C9F00307AA1 /* Frameworks */ = {
			isa = PBXFrameworksBuildPhase;
			buildActionMask = 2147483647;
			files = (
			);
			runOnlyForDeploymentPostprocessing = 0;
		};
		5A78FB891C401C9F00307AA1 /* Frameworks */ = {
			isa = PBXFrameworksBuildPhase;
			buildActionMask = 2147483647;
			files = (
			);
			runOnlyForDeploymentPostprocessing = 0;
		};
/* End PBXFrameworksBuildPhase section */

/* Begin PBXGroup section */
		5A78FB611C401C9F00307AA1 = {
			isa = PBXGroup;
			children = (
				5A78FB6C1C401C9F00307AA1 /* mem-mem */,
				5A78FB841C401C9F00307AA1 /* mem-memTests */,
				5A78FB8F1C401C9F00307AA1 /* mem-memUITests */,
				5A78FB6B1C401C9F00307AA1 /* Products */,
			);
			sourceTree = "<group>";
		};
		5A78FB6B1C401C9F00307AA1 /* Products */ = {
			isa = PBXGroup;
			children = (
				5A78FB6A1C401C9F00307AA1 /* mem-mem.app */,
				5A78FB811C401C9F00307AA1 /* mem-memTests.xctest */,
				5A78FB8C1C401C9F00307AA1 /* mem-memUITests.xctest */,
			);
			name = Products;
			sourceTree = "<group>";
		};
		5A78FB6C1C401C9F00307AA1 /* mem-mem */ = {
			isa = PBXGroup;
			children = (
				5A78FB6D1C401C9F00307AA1 /* AppDelegate.swift */,
				5A78FB6F1C401C9F00307AA1 /* ViewController.swift */,
				5A78FB711C401C9F00307AA1 /* Main.storyboard */,
				5A78FB771C401C9F00307AA1 /* Assets.xcassets */,
				5A78FB791C401C9F00307AA1 /* LaunchScreen.storyboard */,
				5A78FB7C1C401C9F00307AA1 /* Info.plist */,
				5A78FB741C401C9F00307AA1 /* mem_mem.xcdatamodeld */,
			);
			path = "mem-mem";
			sourceTree = "<group>";
		};
		5A78FB841C401C9F00307AA1 /* mem-memTests */ = {
			isa = PBXGroup;
			children = (
				5A78FB851C401C9F00307AA1 /* mem_memTests.swift */,
				5A78FB871C401C9F00307AA1 /* Info.plist */,
			);
			path = "mem-memTests";
			sourceTree = "<group>";
		};
		5A78FB8F1C401C9F00307AA1 /* mem-memUITests */ = {
			isa = PBXGroup;
			children = (
				5A78FB901C401C9F00307AA1 /* mem_memUITests.swift */,
				5A78FB921C401C9F00307AA1 /* Info.plist */,
			);
			path = "mem-memUITests";
			sourceTree = "<group>";
		};
/* End PBXGroup section */

/* Begin PBXNativeTarget section */
		5A78FB691C401C9F00307AA1 /* mem-mem */ = {
			isa = PBXNativeTarget;
			buildConfigurationList = 5A78FB951C401C9F00307AA1 /* Build configuration list for PBXNativeTarget "mem-mem" */;
			buildPhases = (
				5A78FB661C401C9F00307AA1 /* Sources */,
				5A78FB671C401C9F00307AA1 /* Frameworks */,
				5A78FB681C401C9F00307AA1 /* Resources */,
			);
			buildRules = (
			);
			dependencies = (
			);
			name = "mem-mem";
			productName = "mem-mem";
			productReference = 5A78FB6A1C401C9F00307AA1 /* mem-mem.app */;
			productType = "com.apple.product-type.application";
		};
		5A78FB801C401C9F00307AA1 /* mem-memTests */ = {
			isa = PBXNativeTarget;
			buildConfigurationList = 5A78FB981C401C9F00307AA1 /* Build configuration list for PBXNativeTarget "mem-memTests" */;
			buildPhases = (
				5A78FB7D1C401C9F00307AA1 /* Sources */,
				5A78FB7E1C401C9F00307AA1 /* Frameworks */,
				5A78FB7F1C401C9F00307AA1 /* Resources */,
			);
			buildRules = (
			);
			dependencies = (
				5A78FB831C401C9F00307AA1 /* PBXTargetDependency */,
			);
			name = "mem-memTests";
			productName = "mem-memTests";
			productReference = 5A78FB811C401C9F00307AA1 /* mem-memTests.xctest */;
			productType = "com.apple.product-type.bundle.unit-test";
		};
		5A78FB8B1C401C9F00307AA1 /* mem-memUITests */ = {
			isa = PBXNativeTarget;
			buildConfigurationList = 5A78FB9B1C401C9F00307AA1 /* Build configuration list for PBXNativeTarget "mem-memUITests" */;
			buildPhases = (
				5A78FB881C401C9F00307AA1 /* Sources */,
				5A78FB891C401C9F00307AA1 /* Frameworks */,
				5A78FB8A1C401C9F00307AA1 /* Resources */,
			);
			buildRules = (
			);
			dependencies = (
				5A78FB8E1C401C9F00307AA1 /* PBXTargetDependency */,
			);
			name = "mem-memUITests";
			productName = "mem-memUITests";
			productReference = 5A78FB8C1C401C9F00307AA1 /* mem-memUITests.xctest */;
			productType = "com.apple.product-type.bundle.ui-testing";
		};
/* End PBXNativeTarget section */

/* Begin PBXProject section */
		5A78FB621C401C9F00307AA1 /* Project object */ = {
			isa = PBXProject;
			attributes = {
				LastSwiftUpdateCheck = 0710;
				LastUpgradeCheck = 0710;
				ORGANIZATIONNAME = Loopi;
				TargetAttributes = {
					5A78FB691C401C9F00307AA1 = {
						CreatedOnToolsVersion = 7.1.1;
					};
					5A78FB801C401C9F00307AA1 = {
						CreatedOnToolsVersion = 7.1.1;
						TestTargetID = 5A78FB691C401C9F00307AA1;
					};
					5A78FB8B1C401C9F00307AA1 = {
						CreatedOnToolsVersion = 7.1.1;
						TestTargetID = 5A78FB691C401C9F00307AA1;
					};
				};
			};
			buildConfigurationList = 5A78FB651C401C9F00307AA1 /* Build configuration list for PBXProject "mem-mem" */;
			compatibilityVersion = "Xcode 3.2";
			developmentRegion = English;
			hasScannedForEncodings = 0;
			knownRegions = (
				en,
				Base,
			);
			mainGroup = 5A78FB611C401C9F00307AA1;
			productRefGroup = 5A78FB6B1C401C9F00307AA1 /* Products */;
			projectDirPath = "";
			projectRoot = "";
			targets = (
				5A78FB691C401C9F00307AA1 /* mem-mem */,
				5A78FB801C401C9F00307AA1 /* mem-memTests */,
				5A78FB8B1C401C9F00307AA1 /* mem-memUITests */,
			);
		};
/* End PBXProject section */

/* Begin PBXResourcesBuildPhase section */
		5A78FB681C401C9F00307AA1 /* Resources */ = {
			isa = PBXResourcesBuildPhase;
			buildActionMask = 2147483647;
			files = (
				5A78FB7B1C401C9F00307AA1 /* LaunchScreen.storyboard in Resources */,
				5A78FB781C401C9F00307AA1 /* Assets.xcassets in Resources */,
				5A78FB731C401C9F00307AA1 /* Main.storyboard in Resources */,
			);
			runOnlyForDeploymentPostprocessing = 0;
		};
		5A78FB7F1C401C9F00307AA1 /* Resources */ = {
			isa = PBXResourcesBuildPhase;
			buildActionMask = 2147483647;
			files = (
			);
			runOnlyForDeploymentPostprocessing = 0;
		};
		5A78FB8A1C401C9F00307AA1 /* Resources */ = {
			isa = PBXResourcesBuildPhase;
			buildActionMask = 2147483647;
			files = (
			);
			runOnlyForDeploymentPostprocessing = 0;
		};
/* End PBXResourcesBuildPhase section */

/* Begin PBXSourcesBuildPhase section */
		5A78FB661C401C9F00307AA1 /* Sources */ = {
			isa = PBXSourcesBuildPhase;
			buildActionMask = 2147483647;
			files = (
				5A78FB701C401C9F00307AA1 /* ViewController.swift in Sources */,
				5A78FB761C401C9F00307AA1 /* mem_mem.xcdatamodeld in Sources */,
				5A78FB6E1C401C9F00307AA1 /* AppDelegate.swift in Sources */,
			);
			runOnlyForDeploymentPostprocessing = 0;
		};
		5A78FB7D1C401C9F00307AA1 /* Sources */ = {
			isa = PBXSourcesBuildPhase;
			buildActionMask = 2147483647;
			files = (
				5A78FB861C401C9F00307AA1 /* mem_memTests.swift in Sources */,
			);
			runOnlyForDeploymentPostprocessing = 0;
		};
		5A78FB881C401C9F00307AA1 /* Sources */ = {
			isa = PBXSourcesBuildPhase;
			buildActionMask = 2147483647;
			files = (
				5A78FB911C401C9F00307AA1 /* mem_memUITests.swift in Sources */,
			);
			runOnlyForDeploymentPostprocessing = 0;
		};
/* End PBXSourcesBuildPhase section */

/* Begin PBXTargetDependency section */
		5A78FB831C401C9F00307AA1 /* PBXTargetDependency */ = {
			isa = PBXTargetDependency;
			target = 5A78FB691C401C9F00307AA1 /* mem-mem */;
			targetProxy = 5A78FB821C401C9F00307AA1 /* PBXContainerItemProxy */;
		};
		5A78FB8E1C401C9F00307AA1 /* PBXTargetDependency */ = {
			isa = PBXTargetDependency;
			target = 5A78FB691C401C9F00307AA1 /* mem-mem */;
			targetProxy = 5A78FB8D1C401C9F00307AA1 /* PBXContainerItemProxy */;
		};
/* End PBXTargetDependency section */

/* Begin PBXVariantGroup section */
		5A78FB711C401C9F00307AA1 /* Main.storyboard */ = {
			isa = PBXVariantGroup;
			children = (
				5A78FB721C401C9F00307AA1 /* Base */,
			);
			name = Main.storyboard;
			sourceTree = "<group>";
		};
		5A78FB791C401C9F00307AA1 /* LaunchScreen.storyboard */ = {
			isa = PBXVariantGroup;
			children = (
				5A78FB7A1C401C9F00307AA1 /* Base */,
			);
			name = LaunchScreen.storyboard;
			sourceTree = "<group>";
		};
/* End PBXVariantGroup section */

/* Begin XCBuildConfiguration section */
		5A78FB931C401C9F00307AA1 /* Debug */ = {
			isa = XCBuildConfiguration;
			buildSettings = {
				ALWAYS_SEARCH_USER_PATHS = NO;
				CLANG_CXX_LANGUAGE_STANDARD = "gnu++0x";
				CLANG_CXX_LIBRARY = "libc++";
				CLANG_ENABLE_MODULES = YES;
				CLANG_ENABLE_OBJC_ARC = YES;
				CLANG_WARN_BOOL_CONVERSION = YES;
				CLANG_WARN_CONSTANT_CONVERSION = YES;
				CLANG_WARN_DIRECT_OBJC_ISA_USAGE = YES_ERROR;
				CLANG_WARN_EMPTY_BODY = YES;
				CLANG_WARN_ENUM_CONVERSION = YES;
				CLANG_WARN_INT_CONVERSION = YES;
				CLANG_WARN_OBJC_ROOT_CLASS = YES_ERROR;
				CLANG_WARN_UNREACHABLE_CODE = YES;
				CLANG_WARN__DUPLICATE_METHOD_MATCH = YES;
				"CODE_SIGN_IDENTITY[sdk=iphoneos*]" = "iPhone Developer";
				COPY_PHASE_STRIP = NO;
				DEBUG_INFORMATION_FORMAT = dwarf;
				ENABLE_STRICT_OBJC_MSGSEND = YES;
				ENABLE_TESTABILITY = YES;
				GCC_C_LANGUAGE_STANDARD = gnu99;
				GCC_DYNAMIC_NO_PIC = NO;
				GCC_NO_COMMON_BLOCKS = YES;
				GCC_OPTIMIZATION_LEVEL = 0;
				GCC_PREPROCESSOR_DEFINITIONS = (
					"DEBUG=1",
					"$(inherited)",
				);
				GCC_WARN_64_TO_32_BIT_CONVERSION = YES;
				GCC_WARN_ABOUT_RETURN_TYPE = YES_ERROR;
				GCC_WARN_UNDECLARED_SELECTOR = YES;
				GCC_WARN_UNINITIALIZED_AUTOS = YES_AGGRESSIVE;
				GCC_WARN_UNUSED_FUNCTION = YES;
				GCC_WARN_UNUSED_VARIABLE = YES;
				IPHONEOS_DEPLOYMENT_TARGET = 9.1;
				MTL_ENABLE_DEBUG_INFO = YES;
				ONLY_ACTIVE_ARCH = YES;
				SDKROOT = iphoneos;
				SWIFT_OPTIMIZATION_LEVEL = "-Onone";
			};
			name = Debug;
		};
		5A78FB941C401C9F00307AA1 /* Release */ = {
			isa = XCBuildConfiguration;
			buildSettings = {
				ALWAYS_SEARCH_USER_PATHS = NO;
				CLANG_CXX_LANGUAGE_STANDARD = "gnu++0x";
				CLANG_CXX_LIBRARY = "libc++";
				CLANG_ENABLE_MODULES = YES;
				CLANG_ENABLE_OBJC_ARC = YES;
				CLANG_WARN_BOOL_CONVERSION = YES;
				CLANG_WARN_CONSTANT_CONVERSION = YES;
				CLANG_WARN_DIRECT_OBJC_ISA_USAGE = YES_ERROR;
				CLANG_WARN_EMPTY_BODY = YES;
				CLANG_WARN_ENUM_CONVERSION = YES;
				CLANG_WARN_INT_CONVERSION = YES;
				CLANG_WARN_OBJC_ROOT_CLASS = YES_ERROR;
				CLANG_WARN_UNREACHABLE_CODE = YES;
				CLANG_WARN__DUPLICATE_METHOD_MATCH = YES;
				"CODE_SIGN_IDENTITY[sdk=iphoneos*]" = "iPhone Developer";
				COPY_PHASE_STRIP = NO;
				DEBUG_INFORMATION_FORMAT = "dwarf-with-dsym";
				ENABLE_NS_ASSERTIONS = NO;
				ENABLE_STRICT_OBJC_MSGSEND = YES;
				GCC_C_LANGUAGE_STANDARD = gnu99;
				GCC_NO_COMMON_BLOCKS = YES;
				GCC_WARN_64_TO_32_BIT_CONVERSION = YES;
				GCC_WARN_ABOUT_RETURN_TYPE = YES_ERROR;
				GCC_WARN_UNDECLARED_SELECTOR = YES;
				GCC_WARN_UNINITIALIZED_AUTOS = YES_AGGRESSIVE;
				GCC_WARN_UNUSED_FUNCTION = YES;
				GCC_WARN_UNUSED_VARIABLE = YES;
				IPHONEOS_DEPLOYMENT_TARGET = 9.1;
				MTL_ENABLE_DEBUG_INFO = NO;
				SDKROOT = iphoneos;
				VALIDATE_PRODUCT = YES;
			};
			name = Release;
		};
		5A78FB961C401C9F00307AA1 /* Debug */ = {
			isa = XCBuildConfiguration;
			buildSettings = {
				ASSETCATALOG_COMPILER_APPICON_NAME = AppIcon;
				INFOPLIST_FILE = "mem-mem/Info.plist";
				LD_RUNPATH_SEARCH_PATHS = "$(inherited) @executable_path/Frameworks";
				PRODUCT_BUNDLE_IDENTIFIER = "io.loopi.mem-mem";
				PRODUCT_NAME = "$(TARGET_NAME)";
			};
			name = Debug;
		};
		5A78FB971C401C9F00307AA1 /* Release */ = {
			isa = XCBuildConfiguration;
			buildSettings = {
				ASSETCATALOG_COMPILER_APPICON_NAME = AppIcon;
				INFOPLIST_FILE = "mem-mem/Info.plist";
				LD_RUNPATH_SEARCH_PATHS = "$(inherited) @executable_path/Frameworks";
				PRODUCT_BUNDLE_IDENTIFIER = "io.loopi.mem-mem";
				PRODUCT_NAME = "$(TARGET_NAME)";
			};
			name = Release;
		};
		5A78FB991C401C9F00307AA1 /* Debug */ = {
			isa = XCBuildConfiguration;
			buildSettings = {
				BUNDLE_LOADER = "$(TEST_HOST)";
				INFOPLIST_FILE = "mem-memTests/Info.plist";
				LD_RUNPATH_SEARCH_PATHS = "$(inherited) @executable_path/Frameworks @loader_path/Frameworks";
				PRODUCT_BUNDLE_IDENTIFIER = "io.loopi.mem-memTests";
				PRODUCT_NAME = "$(TARGET_NAME)";
				TEST_HOST = "$(BUILT_PRODUCTS_DIR)/mem-mem.app/mem-mem";
			};
			name = Debug;
		};
		5A78FB9A1C401C9F00307AA1 /* Release */ = {
			isa = XCBuildConfiguration;
			buildSettings = {
				BUNDLE_LOADER = "$(TEST_HOST)";
				INFOPLIST_FILE = "mem-memTests/Info.plist";
				LD_RUNPATH_SEARCH_PATHS = "$(inherited) @executable_path/Frameworks @loader_path/Frameworks";
				PRODUCT_BUNDLE_IDENTIFIER = "io.loopi.mem-memTests";
				PRODUCT_NAME = "$(TARGET_NAME)";
				TEST_HOST = "$(BUILT_PRODUCTS_DIR)/mem-mem.app/mem-mem";
			};
			name = Release;
		};
		5A78FB9C1C401C9F00307AA1 /* Debug */ = {
			isa = XCBuildConfiguration;
			buildSettings = {
				INFOPLIST_FILE = "mem-memUITests/Info.plist";
				LD_RUNPATH_SEARCH_PATHS = "$(inherited) @executable_path/Frameworks @loader_path/Frameworks";
				PRODUCT_BUNDLE_IDENTIFIER = "io.loopi.mem-memUITests";
				PRODUCT_NAME = "$(TARGET_NAME)";
				TEST_TARGET_NAME = "mem-mem";
				USES_XCTRUNNER = YES;
			};
			name = Debug;
		};
		5A78FB9D1C401C9F00307AA1 /* Release */ = {
			isa = XCBuildConfiguration;
			buildSettings = {
				INFOPLIST_FILE = "mem-memUITests/Info.plist";
				LD_RUNPATH_SEARCH_PATHS = "$(inherited) @executable_path/Frameworks @loader_path/Frameworks";
				PRODUCT_BUNDLE_IDENTIFIER = "io.loopi.mem-memUITests";
				PRODUCT_NAME = "$(TARGET_NAME)";
				TEST_TARGET_NAME = "mem-mem";
				USES_XCTRUNNER = YES;
			};
			name = Release;
		};
/* End XCBuildConfiguration section */

/* Begin XCConfigurationList section */
		5A78FB651C401C9F00307AA1 /* Build configuration list for PBXProject "mem-mem" */ = {
			isa = XCConfigurationList;
			buildConfigurations = (
				5A78FB931C401C9F00307AA1 /* Debug */,
				5A78FB941C401C9F00307AA1 /* Release */,
			);
			defaultConfigurationIsVisible = 0;
			defaultConfigurationName = Release;
		};
		5A78FB951C401C9F00307AA1 /* Build configuration list for PBXNativeTarget "mem-mem" */ = {
			isa = XCConfigurationList;
			buildConfigurations = (
				5A78FB961C401C9F00307AA1 /* Debug */,
				5A78FB971C401C9F00307AA1 /* Release */,
			);
			defaultConfigurationIsVisible = 0;
		};
		5A78FB981C401C9F00307AA1 /* Build configuration list for PBXNativeTarget "mem-memTests" */ = {
			isa = XCConfigurationList;
			buildConfigurations = (
				5A78FB991C401C9F00307AA1 /* Debug */,
				5A78FB9A1C401C9F00307AA1 /* Release */,
			);
			defaultConfigurationIsVisible = 0;
		};
		5A78FB9B1C401C9F00307AA1 /* Build configuration list for PBXNativeTarget "mem-memUITests" */ = {
			isa = XCConfigurationList;
			buildConfigurations = (
				5A78FB9C1C401C9F00307AA1 /* Debug */,
				5A78FB9D1C401C9F00307AA1 /* Release */,
			);
			defaultConfigurationIsVisible = 0;
		};
/* End XCConfigurationList section */

/* Begin XCVersionGroup section */
		5A78FB741C401C9F00307AA1 /* mem_mem.xcdatamodeld */ = {
			isa = XCVersionGroup;
			children = (
				5A78FB751C401C9F00307AA1 /* mem_mem.xcdatamodel */,
			);
			currentVersion = 5A78FB751C401C9F00307AA1 /* mem_mem.xcdatamodel */;
			path = mem_mem.xcdatamodeld;
			sourceTree = "<group>";
			versionGroupType = wrapper.xcdatamodel;
		};
/* End XCVersionGroup section */
	};
	rootObject = 5A78FB621C401C9F00307AA1 /* Project object */;
}
